
Microsoft Visual Studio Solution File, Format Version 12.00
# Visual Studio Version 16
VisualStudioVersion = 16.0.29613.14
MinimumVisualStudioVersion = 10.0.40219.1
Project("{9A19103F-16F7-4668-BE54-9A1E7A4F7556}") = "AgeMajority.ConsoleApp", "AgeMajority.ConsoleApp\AgeMajority.ConsoleApp.csproj", "{E0D68932-1333-4EB4-AF70-3BD90F24FB84}"
EndProject
Project("{9A19103F-16F7-4668-BE54-9A1E7A4F7556}") = "MajorMinorNumber.ConsoleApp", "MajorMinorNumber.ConsoleApp\MajorMinorNumber.ConsoleApp.csproj", "{B38DB823-4529-410B-87C8-17931EC2B097}"
EndProject
Project("{FAE04EC0-301F-11D3-BF4B-00C04F79EFBC}") = "Prototype", "SortDates\Prototype.csproj", "{3646EF1F-511F-4BE8-86C7-60F710E76DE7}"
EndProject
Global
	GlobalSection(SolutionConfigurationPlatforms) = preSolution
		Debug|Any CPU = Debug|Any CPU
		Release|Any CPU = Release|Any CPU
	EndGlobalSection
	GlobalSection(ProjectConfigurationPlatforms) = postSolution
		{E0D68932-1333-4EB4-AF70-3BD90F24FB84}.Debug|Any CPU.ActiveCfg = Debug|Any CPU
		{E0D68932-1333-4EB4-AF70-3BD90F24FB84}.Debug|Any CPU.Build.0 = Debug|Any CPU
		{E0D68932-1333-4EB4-AF70-3BD90F24FB84}.Release|Any CPU.ActiveCfg = Release|Any CPU
		{E0D68932-1333-4EB4-AF70-3BD90F24FB84}.Release|Any CPU.Build.0 = Release|Any CPU
		{B38DB823-4529-410B-87C8-17931EC2B097}.Debug|Any CPU.ActiveCfg = Debug|Any CPU
		{B38DB823-4529-410B-87C8-17931EC2B097}.Debug|Any CPU.Build.0 = Debug|Any CPU
		{B38DB823-4529-410B-87C8-17931EC2B097}.Release|Any CPU.ActiveCfg = Release|Any CPU
		{B38DB823-4529-410B-87C8-17931EC2B097}.Release|Any CPU.Build.0 = Release|Any CPU
		{3646EF1F-511F-4BE8-86C7-60F710E76DE7}.Debug|Any CPU.ActiveCfg = Debug|Any CPU
		{3646EF1F-511F-4BE8-86C7-60F710E76DE7}.Debug|Any CPU.Build.0 = Debug|Any CPU
		{3646EF1F-511F-4BE8-86C7-60F710E76DE7}.Release|Any CPU.ActiveCfg = Release|Any CPU
		{3646EF1F-511F-4BE8-86C7-60F710E76DE7}.Release|Any CPU.Build.0 = Release|Any CPU
	EndGlobalSection
	GlobalSection(SolutionProperties) = preSolution
		HideSolutionNode = FALSE
	EndGlobalSection
	GlobalSection(ExtensibilityGlobals) = postSolution
		SolutionGuid = {46B6738E-B9C5-4A53-ADA9-F8A909D6E990}
	EndGlobalSection
EndGlobal
